
Microsoft Visual Studio Solution File, Format Version 12.00
# Visual Studio 2013
VisualStudioVersion = 12.0.21005.1
MinimumVisualStudioVersion = 10.0.40219.1
Project("{FAE04EC0-301F-11D3-BF4B-00C04F79EFBC}") = "POS", "POS\POS.csproj", "{D0202AC4-5E4B-48D5-BECC-D69722C01868}"
EndProject
Project("{FAE04EC0-301F-11D3-BF4B-00C04F79EFBC}") = "POS.Tests", "POS.Tests\POS.Tests.csproj", "{0A66FBCF-BEBA-4B22-A02C-161C2FB787F3}"
EndProject
Project("{FAE04EC0-301F-11D3-BF4B-00C04F79EFBC}") = "ClassLibrary1", "ClassLibrary1\ClassLibrary1.csproj", "{8FE8DF7C-129C-400C-9EBD-2578A9F916A3}"
EndProject
Global
	GlobalSection(SolutionConfigurationPlatforms) = preSolution
		Debug|Any CPU = Debug|Any CPU
		Release|Any CPU = Release|Any CPU
	EndGlobalSection
	GlobalSection(ProjectConfigurationPlatforms) = postSolution
		{D0202AC4-5E4B-48D5-BECC-D69722C01868}.Debug|Any CPU.ActiveCfg = Debug|Any CPU
		{D0202AC4-5E4B-48D5-BECC-D69722C01868}.Debug|Any CPU.Build.0 = Debug|Any CPU
		{D0202AC4-5E4B-48D5-BECC-D69722C01868}.Release|Any CPU.ActiveCfg = Release|Any CPU
		{D0202AC4-5E4B-48D5-BECC-D69722C01868}.Release|Any CPU.Build.0 = Release|Any CPU
		{0A66FBCF-BEBA-4B22-A02C-161C2FB787F3}.Debug|Any CPU.ActiveCfg = Debug|Any CPU
		{0A66FBCF-BEBA-4B22-A02C-161C2FB787F3}.Debug|Any CPU.Build.0 = Debug|Any CPU
		{0A66FBCF-BEBA-4B22-A02C-161C2FB787F3}.Release|Any CPU.ActiveCfg = Release|Any CPU
		{0A66FBCF-BEBA-4B22-A02C-161C2FB787F3}.Release|Any CPU.Build.0 = Release|Any CPU
		{8FE8DF7C-129C-400C-9EBD-2578A9F916A3}.Debug|Any CPU.ActiveCfg = Debug|Any CPU
		{8FE8DF7C-129C-400C-9EBD-2578A9F916A3}.Debug|Any CPU.Build.0 = Debug|Any CPU
		{8FE8DF7C-129C-400C-9EBD-2578A9F916A3}.Release|Any CPU.ActiveCfg = Release|Any CPU
		{8FE8DF7C-129C-400C-9EBD-2578A9F916A3}.Release|Any CPU.Build.0 = Release|Any CPU
	EndGlobalSection
	GlobalSection(SolutionProperties) = preSolution
		HideSolutionNode = FALSE
	EndGlobalSection
EndGlobal
